
Microsoft Visual Studio Solution File, Format Version 12.00
# Visual Studio Version 16
VisualStudioVersion = 16.0.30626.31
MinimumVisualStudioVersion = 10.0.40219.1
Project("{9A19103F-16F7-4668-BE54-9A1E7A4F7556}") = "PAC", "PAC\PAC.csproj", "{F7FA3C8A-9677-4389-80FF-2E7C365ADE78}"
EndProject
Project("{9A19103F-16F7-4668-BE54-9A1E7A4F7556}") = "PAC.WPF", "PAC.WPF\PAC.WPF.csproj", "{5FB8D074-A219-46AF-A483-B79521F9DE3A}"
EndProject
Global
	GlobalSection(SolutionConfigurationPlatforms) = preSolution
		Debug|Any CPU = Debug|Any CPU
		Release|Any CPU = Release|Any CPU
	EndGlobalSection
	GlobalSection(ProjectConfigurationPlatforms) = postSolution
		{F7FA3C8A-9677-4389-80FF-2E7C365ADE78}.Debug|Any CPU.ActiveCfg = Debug|Any CPU
		{F7FA3C8A-9677-4389-80FF-2E7C365ADE78}.Debug|Any CPU.Build.0 = Debug|Any CPU
		{F7FA3C8A-9677-4389-80FF-2E7C365ADE78}.Release|Any CPU.ActiveCfg = Release|Any CPU
		{F7FA3C8A-9677-4389-80FF-2E7C365ADE78}.Release|Any CPU.Build.0 = Release|Any CPU
		{5FB8D074-A219-46AF-A483-B79521F9DE3A}.Debug|Any CPU.ActiveCfg = Debug|Any CPU
		{5FB8D074-A219-46AF-A483-B79521F9DE3A}.Debug|Any CPU.Build.0 = Debug|Any CPU
		{5FB8D074-A219-46AF-A483-B79521F9DE3A}.Release|Any CPU.ActiveCfg = Release|Any CPU
		{5FB8D074-A219-46AF-A483-B79521F9DE3A}.Release|Any CPU.Build.0 = Release|Any CPU
	EndGlobalSection
	GlobalSection(SolutionProperties) = preSolution
		HideSolutionNode = FALSE
	EndGlobalSection
	GlobalSection(ExtensibilityGlobals) = postSolution
		SolutionGuid = {3F80544D-091E-4A74-B969-B3F78182550C}
	EndGlobalSection
EndGlobal
